
Microsoft Visual Studio Solution File, Format Version 12.00
# Visual Studio Version 16
VisualStudioVersion = 16.0.28527.54
MinimumVisualStudioVersion = 10.0.40219.1
Project("{FAE04EC0-301F-11D3-BF4B-00C04F79EFBC}") = "Snake", "Snake\Snake.csproj", "{7C65BF13-7B93-43F3-8F9F-E0B23FA2DA8B}"
EndProject
Global
	GlobalSection(SolutionConfigurationPlatforms) = preSolution
		Debug|Any CPU = Debug|Any CPU
		Release|Any CPU = Release|Any CPU
	EndGlobalSection
	GlobalSection(ProjectConfigurationPlatforms) = postSolution
		{7C65BF13-7B93-43F3-8F9F-E0B23FA2DA8B}.Debug|Any CPU.ActiveCfg = Debug|Any CPU
		{7C65BF13-7B93-43F3-8F9F-E0B23FA2DA8B}.Debug|Any CPU.Build.0 = Debug|Any CPU
		{7C65BF13-7B93-43F3-8F9F-E0B23FA2DA8B}.Release|Any CPU.ActiveCfg = Release|Any CPU
		{7C65BF13-7B93-43F3-8F9F-E0B23FA2DA8B}.Release|Any CPU.Build.0 = Release|Any CPU
	EndGlobalSection
	GlobalSection(SolutionProperties) = preSolution
		HideSolutionNode = FALSE
	EndGlobalSection
	GlobalSection(ExtensibilityGlobals) = postSolution
		SolutionGuid = {7ABF7906-0CE2-42DD-AA79-02CFED2B5332}
	EndGlobalSection
EndGlobal
