
Microsoft Visual Studio Solution File, Format Version 12.00
# Visual Studio Version 16
VisualStudioVersion = 16.0.28527.54
MinimumVisualStudioVersion = 10.0.40219.1
Project("{FAE04EC0-301F-11D3-BF4B-00C04F79EFBC}") = "Snake", "Snake\Snake.csproj", "{7665D4C0-D3C5-4457-975F-5A389ED22E09}"
EndProject
Global
	GlobalSection(SolutionConfigurationPlatforms) = preSolution
		Debug|Any CPU = Debug|Any CPU
		Release|Any CPU = Release|Any CPU
	EndGlobalSection
	GlobalSection(ProjectConfigurationPlatforms) = postSolution
		{7665D4C0-D3C5-4457-975F-5A389ED22E09}.Debug|Any CPU.ActiveCfg = Debug|Any CPU
		{7665D4C0-D3C5-4457-975F-5A389ED22E09}.Debug|Any CPU.Build.0 = Debug|Any CPU
		{7665D4C0-D3C5-4457-975F-5A389ED22E09}.Release|Any CPU.ActiveCfg = Release|Any CPU
		{7665D4C0-D3C5-4457-975F-5A389ED22E09}.Release|Any CPU.Build.0 = Release|Any CPU
	EndGlobalSection
	GlobalSection(SolutionProperties) = preSolution
		HideSolutionNode = FALSE
	EndGlobalSection
	GlobalSection(ExtensibilityGlobals) = postSolution
		SolutionGuid = {A0B3521F-47D4-4D50-A2AA-47C05B29D668}
	EndGlobalSection
EndGlobal
