
Microsoft Visual Studio Solution File, Format Version 12.00
# Visual Studio Version 16
VisualStudioVersion = 16.0.28527.54
MinimumVisualStudioVersion = 10.0.40219.1
Project("{FAE04EC0-301F-11D3-BF4B-00C04F79EFBC}") = "Example1", "Example1\Example1.csproj", "{E935D313-C9E3-4B78-916B-CE391375016E}"
EndProject
Global
	GlobalSection(SolutionConfigurationPlatforms) = preSolution
		Debug|Any CPU = Debug|Any CPU
		Release|Any CPU = Release|Any CPU
	EndGlobalSection
	GlobalSection(ProjectConfigurationPlatforms) = postSolution
		{E935D313-C9E3-4B78-916B-CE391375016E}.Debug|Any CPU.ActiveCfg = Debug|Any CPU
		{E935D313-C9E3-4B78-916B-CE391375016E}.Debug|Any CPU.Build.0 = Debug|Any CPU
		{E935D313-C9E3-4B78-916B-CE391375016E}.Release|Any CPU.ActiveCfg = Release|Any CPU
		{E935D313-C9E3-4B78-916B-CE391375016E}.Release|Any CPU.Build.0 = Release|Any CPU
	EndGlobalSection
	GlobalSection(SolutionProperties) = preSolution
		HideSolutionNode = FALSE
	EndGlobalSection
	GlobalSection(ExtensibilityGlobals) = postSolution
		SolutionGuid = {695532F6-288F-4525-96A3-806E91E821E3}
	EndGlobalSection
EndGlobal
