
Microsoft Visual Studio Solution File, Format Version 12.00
# Visual Studio 15
VisualStudioVersion = 15.0.27703.2047
MinimumVisualStudioVersion = 10.0.40219.1
Project("{FAE04EC0-301F-11D3-BF4B-00C04F79EFBC}") = "Example1", "Example1\Example1.csproj", "{977AF1FB-D7BC-4507-B774-720B8EB9E522}"
EndProject
Project("{FAE04EC0-301F-11D3-BF4B-00C04F79EFBC}") = "Example2", "Example2\Example2.csproj", "{0645E166-CC5B-40D3-B476-346CC6244F68}"
EndProject
Project("{FAE04EC0-301F-11D3-BF4B-00C04F79EFBC}") = "Example3", "Example3\Example3.csproj", "{89FEF73E-16EA-4CCA-B70F-A0EF83722C1B}"
EndProject
Global
	GlobalSection(SolutionConfigurationPlatforms) = preSolution
		Debug|Any CPU = Debug|Any CPU
		Release|Any CPU = Release|Any CPU
	EndGlobalSection
	GlobalSection(ProjectConfigurationPlatforms) = postSolution
		{977AF1FB-D7BC-4507-B774-720B8EB9E522}.Debug|Any CPU.ActiveCfg = Debug|Any CPU
		{977AF1FB-D7BC-4507-B774-720B8EB9E522}.Debug|Any CPU.Build.0 = Debug|Any CPU
		{977AF1FB-D7BC-4507-B774-720B8EB9E522}.Release|Any CPU.ActiveCfg = Release|Any CPU
		{977AF1FB-D7BC-4507-B774-720B8EB9E522}.Release|Any CPU.Build.0 = Release|Any CPU
		{0645E166-CC5B-40D3-B476-346CC6244F68}.Debug|Any CPU.ActiveCfg = Debug|Any CPU
		{0645E166-CC5B-40D3-B476-346CC6244F68}.Debug|Any CPU.Build.0 = Debug|Any CPU
		{0645E166-CC5B-40D3-B476-346CC6244F68}.Release|Any CPU.ActiveCfg = Release|Any CPU
		{0645E166-CC5B-40D3-B476-346CC6244F68}.Release|Any CPU.Build.0 = Release|Any CPU
		{89FEF73E-16EA-4CCA-B70F-A0EF83722C1B}.Debug|Any CPU.ActiveCfg = Debug|Any CPU
		{89FEF73E-16EA-4CCA-B70F-A0EF83722C1B}.Debug|Any CPU.Build.0 = Debug|Any CPU
		{89FEF73E-16EA-4CCA-B70F-A0EF83722C1B}.Release|Any CPU.ActiveCfg = Release|Any CPU
		{89FEF73E-16EA-4CCA-B70F-A0EF83722C1B}.Release|Any CPU.Build.0 = Release|Any CPU
	EndGlobalSection
	GlobalSection(SolutionProperties) = preSolution
		HideSolutionNode = FALSE
	EndGlobalSection
	GlobalSection(ExtensibilityGlobals) = postSolution
		SolutionGuid = {62F6A9C5-1CE4-46A7-B0BB-3144E8D4560A}
	EndGlobalSection
EndGlobal
