
Microsoft Visual Studio Solution File, Format Version 12.00
# Visual Studio Version 16
VisualStudioVersion = 16.0.28527.54
MinimumVisualStudioVersion = 10.0.40219.1
Project("{FAE04EC0-301F-11D3-BF4B-00C04F79EFBC}") = "Thread", "Thread\Thread.csproj", "{B0B98B2C-11AD-4F1A-B959-1D9F008623DB}"
EndProject
Project("{FAE04EC0-301F-11D3-BF4B-00C04F79EFBC}") = "TaskSample", "TaskSample\TaskSample.csproj", "{7EC751A5-220F-4E77-9D58-E5266FADF31F}"
EndProject
Project("{FAE04EC0-301F-11D3-BF4B-00C04F79EFBC}") = "TimerSample", "TimerSample\TimerSample.csproj", "{37F0103F-A187-4B2F-8769-8D3D71AA8FE2}"
EndProject
Project("{FAE04EC0-301F-11D3-BF4B-00C04F79EFBC}") = "Snake", "Snake\Snake.csproj", "{7723D5D4-47FD-4B1E-899B-552906C66433}"
EndProject
Global
	GlobalSection(SolutionConfigurationPlatforms) = preSolution
		Debug|Any CPU = Debug|Any CPU
		Release|Any CPU = Release|Any CPU
	EndGlobalSection
	GlobalSection(ProjectConfigurationPlatforms) = postSolution
		{B0B98B2C-11AD-4F1A-B959-1D9F008623DB}.Debug|Any CPU.ActiveCfg = Debug|Any CPU
		{B0B98B2C-11AD-4F1A-B959-1D9F008623DB}.Debug|Any CPU.Build.0 = Debug|Any CPU
		{B0B98B2C-11AD-4F1A-B959-1D9F008623DB}.Release|Any CPU.ActiveCfg = Release|Any CPU
		{B0B98B2C-11AD-4F1A-B959-1D9F008623DB}.Release|Any CPU.Build.0 = Release|Any CPU
		{7EC751A5-220F-4E77-9D58-E5266FADF31F}.Debug|Any CPU.ActiveCfg = Debug|Any CPU
		{7EC751A5-220F-4E77-9D58-E5266FADF31F}.Debug|Any CPU.Build.0 = Debug|Any CPU
		{7EC751A5-220F-4E77-9D58-E5266FADF31F}.Release|Any CPU.ActiveCfg = Release|Any CPU
		{7EC751A5-220F-4E77-9D58-E5266FADF31F}.Release|Any CPU.Build.0 = Release|Any CPU
		{37F0103F-A187-4B2F-8769-8D3D71AA8FE2}.Debug|Any CPU.ActiveCfg = Debug|Any CPU
		{37F0103F-A187-4B2F-8769-8D3D71AA8FE2}.Debug|Any CPU.Build.0 = Debug|Any CPU
		{37F0103F-A187-4B2F-8769-8D3D71AA8FE2}.Release|Any CPU.ActiveCfg = Release|Any CPU
		{37F0103F-A187-4B2F-8769-8D3D71AA8FE2}.Release|Any CPU.Build.0 = Release|Any CPU
		{7723D5D4-47FD-4B1E-899B-552906C66433}.Debug|Any CPU.ActiveCfg = Debug|Any CPU
		{7723D5D4-47FD-4B1E-899B-552906C66433}.Debug|Any CPU.Build.0 = Debug|Any CPU
		{7723D5D4-47FD-4B1E-899B-552906C66433}.Release|Any CPU.ActiveCfg = Release|Any CPU
		{7723D5D4-47FD-4B1E-899B-552906C66433}.Release|Any CPU.Build.0 = Release|Any CPU
	EndGlobalSection
	GlobalSection(SolutionProperties) = preSolution
		HideSolutionNode = FALSE
	EndGlobalSection
	GlobalSection(ExtensibilityGlobals) = postSolution
		SolutionGuid = {4C658239-1EC9-4C9C-906B-3711049799BF}
	EndGlobalSection
EndGlobal
