
Microsoft Visual Studio Solution File, Format Version 12.00
# Visual Studio Version 16
VisualStudioVersion = 16.0.28527.54
MinimumVisualStudioVersion = 10.0.40219.1
Project("{FAE04EC0-301F-11D3-BF4B-00C04F79EFBC}") = "Example1", "Example1\Example1.csproj", "{514F6AA5-1875-4079-AA9E-E545DBA7029C}"
EndProject
Global
	GlobalSection(SolutionConfigurationPlatforms) = preSolution
		Debug|Any CPU = Debug|Any CPU
		Release|Any CPU = Release|Any CPU
	EndGlobalSection
	GlobalSection(ProjectConfigurationPlatforms) = postSolution
		{514F6AA5-1875-4079-AA9E-E545DBA7029C}.Debug|Any CPU.ActiveCfg = Debug|Any CPU
		{514F6AA5-1875-4079-AA9E-E545DBA7029C}.Debug|Any CPU.Build.0 = Debug|Any CPU
		{514F6AA5-1875-4079-AA9E-E545DBA7029C}.Release|Any CPU.ActiveCfg = Release|Any CPU
		{514F6AA5-1875-4079-AA9E-E545DBA7029C}.Release|Any CPU.Build.0 = Release|Any CPU
	EndGlobalSection
	GlobalSection(SolutionProperties) = preSolution
		HideSolutionNode = FALSE
	EndGlobalSection
	GlobalSection(ExtensibilityGlobals) = postSolution
		SolutionGuid = {CBC1B5CE-77FC-4F46-BA6C-9ADF1A1A38DA}
	EndGlobalSection
EndGlobal
