
Microsoft Visual Studio Solution File, Format Version 12.00
# Visual Studio Version 16
VisualStudioVersion = 16.0.28527.54
MinimumVisualStudioVersion = 10.0.40219.1
Project("{FAE04EC0-301F-11D3-BF4B-00C04F79EFBC}") = "Example1", "Example1\Example1.csproj", "{2B679E96-F8AD-47E2-A8D7-04E15787B380}"
EndProject
Project("{FAE04EC0-301F-11D3-BF4B-00C04F79EFBC}") = "Example2", "Example2\Example2.csproj", "{3567C69C-E894-44C2-9B0D-E6F32AE091BE}"
EndProject
Project("{FAE04EC0-301F-11D3-BF4B-00C04F79EFBC}") = "Example3", "Example3\Example3.csproj", "{A1BFCCAE-C411-4CE8-8977-55CDA127D36A}"
EndProject
Project("{FAE04EC0-301F-11D3-BF4B-00C04F79EFBC}") = "Caclulator", "Caclulator\Caclulator.csproj", "{8685BDE7-D275-406C-814B-E8D30021E316}"
EndProject
Global
	GlobalSection(SolutionConfigurationPlatforms) = preSolution
		Debug|Any CPU = Debug|Any CPU
		Release|Any CPU = Release|Any CPU
	EndGlobalSection
	GlobalSection(ProjectConfigurationPlatforms) = postSolution
		{2B679E96-F8AD-47E2-A8D7-04E15787B380}.Debug|Any CPU.ActiveCfg = Debug|Any CPU
		{2B679E96-F8AD-47E2-A8D7-04E15787B380}.Debug|Any CPU.Build.0 = Debug|Any CPU
		{2B679E96-F8AD-47E2-A8D7-04E15787B380}.Release|Any CPU.ActiveCfg = Release|Any CPU
		{2B679E96-F8AD-47E2-A8D7-04E15787B380}.Release|Any CPU.Build.0 = Release|Any CPU
		{3567C69C-E894-44C2-9B0D-E6F32AE091BE}.Debug|Any CPU.ActiveCfg = Debug|Any CPU
		{3567C69C-E894-44C2-9B0D-E6F32AE091BE}.Debug|Any CPU.Build.0 = Debug|Any CPU
		{3567C69C-E894-44C2-9B0D-E6F32AE091BE}.Release|Any CPU.ActiveCfg = Release|Any CPU
		{3567C69C-E894-44C2-9B0D-E6F32AE091BE}.Release|Any CPU.Build.0 = Release|Any CPU
		{A1BFCCAE-C411-4CE8-8977-55CDA127D36A}.Debug|Any CPU.ActiveCfg = Debug|Any CPU
		{A1BFCCAE-C411-4CE8-8977-55CDA127D36A}.Debug|Any CPU.Build.0 = Debug|Any CPU
		{A1BFCCAE-C411-4CE8-8977-55CDA127D36A}.Release|Any CPU.ActiveCfg = Release|Any CPU
		{A1BFCCAE-C411-4CE8-8977-55CDA127D36A}.Release|Any CPU.Build.0 = Release|Any CPU
		{8685BDE7-D275-406C-814B-E8D30021E316}.Debug|Any CPU.ActiveCfg = Debug|Any CPU
		{8685BDE7-D275-406C-814B-E8D30021E316}.Debug|Any CPU.Build.0 = Debug|Any CPU
		{8685BDE7-D275-406C-814B-E8D30021E316}.Release|Any CPU.ActiveCfg = Release|Any CPU
		{8685BDE7-D275-406C-814B-E8D30021E316}.Release|Any CPU.Build.0 = Release|Any CPU
	EndGlobalSection
	GlobalSection(SolutionProperties) = preSolution
		HideSolutionNode = FALSE
	EndGlobalSection
	GlobalSection(ExtensibilityGlobals) = postSolution
		SolutionGuid = {764A1776-475C-443D-93E9-E2F958DC2F17}
	EndGlobalSection
EndGlobal
