
Microsoft Visual Studio Solution File, Format Version 12.00
# Visual Studio 15
VisualStudioVersion = 15.0.27703.2047
MinimumVisualStudioVersion = 10.0.40219.1
Project("{FAE04EC0-301F-11D3-BF4B-00C04F79EFBC}") = "Example1", "Example1\Example1.csproj", "{FBC3FC31-6FEB-4237-9BFE-D016E8479BBB}"
EndProject
Project("{FAE04EC0-301F-11D3-BF4B-00C04F79EFBC}") = "Example2", "Example2\Example2.csproj", "{484325EC-EC25-49E6-AE18-3AA31063FF0C}"
EndProject
Project("{FAE04EC0-301F-11D3-BF4B-00C04F79EFBC}") = "Example3", "Example3\Example3.csproj", "{93C9A390-1A1D-442C-B7BA-AE39F9424659}"
EndProject
Project("{FAE04EC0-301F-11D3-BF4B-00C04F79EFBC}") = "Example4", "Example4\Example4.csproj", "{A8E6F7EC-2A01-4DED-83A6-570B7239A49B}"
EndProject
Project("{FAE04EC0-301F-11D3-BF4B-00C04F79EFBC}") = "Example5", "Example5\Example5.csproj", "{D51DCFDF-EB2A-4328-A32E-34886DA90218}"
EndProject
Global
	GlobalSection(SolutionConfigurationPlatforms) = preSolution
		Debug|Any CPU = Debug|Any CPU
		Release|Any CPU = Release|Any CPU
	EndGlobalSection
	GlobalSection(ProjectConfigurationPlatforms) = postSolution
		{FBC3FC31-6FEB-4237-9BFE-D016E8479BBB}.Debug|Any CPU.ActiveCfg = Debug|Any CPU
		{FBC3FC31-6FEB-4237-9BFE-D016E8479BBB}.Debug|Any CPU.Build.0 = Debug|Any CPU
		{FBC3FC31-6FEB-4237-9BFE-D016E8479BBB}.Release|Any CPU.ActiveCfg = Release|Any CPU
		{FBC3FC31-6FEB-4237-9BFE-D016E8479BBB}.Release|Any CPU.Build.0 = Release|Any CPU
		{484325EC-EC25-49E6-AE18-3AA31063FF0C}.Debug|Any CPU.ActiveCfg = Debug|Any CPU
		{484325EC-EC25-49E6-AE18-3AA31063FF0C}.Debug|Any CPU.Build.0 = Debug|Any CPU
		{484325EC-EC25-49E6-AE18-3AA31063FF0C}.Release|Any CPU.ActiveCfg = Release|Any CPU
		{484325EC-EC25-49E6-AE18-3AA31063FF0C}.Release|Any CPU.Build.0 = Release|Any CPU
		{93C9A390-1A1D-442C-B7BA-AE39F9424659}.Debug|Any CPU.ActiveCfg = Debug|Any CPU
		{93C9A390-1A1D-442C-B7BA-AE39F9424659}.Debug|Any CPU.Build.0 = Debug|Any CPU
		{93C9A390-1A1D-442C-B7BA-AE39F9424659}.Release|Any CPU.ActiveCfg = Release|Any CPU
		{93C9A390-1A1D-442C-B7BA-AE39F9424659}.Release|Any CPU.Build.0 = Release|Any CPU
		{A8E6F7EC-2A01-4DED-83A6-570B7239A49B}.Debug|Any CPU.ActiveCfg = Debug|Any CPU
		{A8E6F7EC-2A01-4DED-83A6-570B7239A49B}.Debug|Any CPU.Build.0 = Debug|Any CPU
		{A8E6F7EC-2A01-4DED-83A6-570B7239A49B}.Release|Any CPU.ActiveCfg = Release|Any CPU
		{A8E6F7EC-2A01-4DED-83A6-570B7239A49B}.Release|Any CPU.Build.0 = Release|Any CPU
		{D51DCFDF-EB2A-4328-A32E-34886DA90218}.Debug|Any CPU.ActiveCfg = Debug|Any CPU
		{D51DCFDF-EB2A-4328-A32E-34886DA90218}.Debug|Any CPU.Build.0 = Debug|Any CPU
		{D51DCFDF-EB2A-4328-A32E-34886DA90218}.Release|Any CPU.ActiveCfg = Release|Any CPU
		{D51DCFDF-EB2A-4328-A32E-34886DA90218}.Release|Any CPU.Build.0 = Release|Any CPU
	EndGlobalSection
	GlobalSection(SolutionProperties) = preSolution
		HideSolutionNode = FALSE
	EndGlobalSection
	GlobalSection(ExtensibilityGlobals) = postSolution
		SolutionGuid = {68384CE9-2B94-4BFB-B0BC-15830A8E5DE6}
	EndGlobalSection
EndGlobal
