
Microsoft Visual Studio Solution File, Format Version 12.00
# Visual Studio 14
VisualStudioVersion = 14.0.25420.1
MinimumVisualStudioVersion = 10.0.40219.1
Project("{FAE04EC0-301F-11D3-BF4B-00C04F79EFBC}") = "HelloWorld", "HelloWorld\HelloWorld.csproj", "{42829918-1E57-4905-BF63-885F89706381}"
EndProject
Project("{FAE04EC0-301F-11D3-BF4B-00C04F79EFBC}") = "Example2", "Example2\Example2.csproj", "{32C22837-ED4B-41E4-AFAD-1A48B14FE060}"
EndProject
Global
	GlobalSection(SolutionConfigurationPlatforms) = preSolution
		Debug|Any CPU = Debug|Any CPU
		Release|Any CPU = Release|Any CPU
	EndGlobalSection
	GlobalSection(ProjectConfigurationPlatforms) = postSolution
		{42829918-1E57-4905-BF63-885F89706381}.Debug|Any CPU.ActiveCfg = Debug|Any CPU
		{42829918-1E57-4905-BF63-885F89706381}.Debug|Any CPU.Build.0 = Debug|Any CPU
		{42829918-1E57-4905-BF63-885F89706381}.Release|Any CPU.ActiveCfg = Release|Any CPU
		{42829918-1E57-4905-BF63-885F89706381}.Release|Any CPU.Build.0 = Release|Any CPU
		{32C22837-ED4B-41E4-AFAD-1A48B14FE060}.Debug|Any CPU.ActiveCfg = Debug|Any CPU
		{32C22837-ED4B-41E4-AFAD-1A48B14FE060}.Debug|Any CPU.Build.0 = Debug|Any CPU
		{32C22837-ED4B-41E4-AFAD-1A48B14FE060}.Release|Any CPU.ActiveCfg = Release|Any CPU
		{32C22837-ED4B-41E4-AFAD-1A48B14FE060}.Release|Any CPU.Build.0 = Release|Any CPU
	EndGlobalSection
	GlobalSection(SolutionProperties) = preSolution
		HideSolutionNode = FALSE
	EndGlobalSection
EndGlobal
