
Microsoft Visual Studio Solution File, Format Version 12.00
# Visual Studio 15
VisualStudioVersion = 15.0.27703.2047
MinimumVisualStudioVersion = 10.0.40219.1
Project("{FAE04EC0-301F-11D3-BF4B-00C04F79EFBC}") = "Threading", "Threading\Threading.csproj", "{85D14DBB-2444-4EFC-9FAC-ABB801DDD0F5}"
EndProject
Project("{FAE04EC0-301F-11D3-BF4B-00C04F79EFBC}") = "Timer", "Timer\Timer.csproj", "{0E964B95-9BD1-487F-826C-0E26BB20B3D2}"
EndProject
Project("{FAE04EC0-301F-11D3-BF4B-00C04F79EFBC}") = "Timer2", "Timer2\Timer2.csproj", "{89ECEE77-EB25-4BD7-B9F4-8F8A9DE2BA96}"
EndProject
Project("{FAE04EC0-301F-11D3-BF4B-00C04F79EFBC}") = "Threading2", "Threading2\Threading2.csproj", "{2CCE28C9-D662-4C9B-BE8D-09000545D883}"
EndProject
Project("{FAE04EC0-301F-11D3-BF4B-00C04F79EFBC}") = "Task", "Task\Task.csproj", "{92F6B9ED-3334-4CD8-BBFD-C8B18F49FA24}"
EndProject
Project("{FAE04EC0-301F-11D3-BF4B-00C04F79EFBC}") = "Snake", "Snake\Snake.csproj", "{7C65BF13-7B93-43F3-8F9F-E0B23FA2DA8B}"
EndProject
Global
	GlobalSection(SolutionConfigurationPlatforms) = preSolution
		Debug|Any CPU = Debug|Any CPU
		Release|Any CPU = Release|Any CPU
	EndGlobalSection
	GlobalSection(ProjectConfigurationPlatforms) = postSolution
		{85D14DBB-2444-4EFC-9FAC-ABB801DDD0F5}.Debug|Any CPU.ActiveCfg = Debug|Any CPU
		{85D14DBB-2444-4EFC-9FAC-ABB801DDD0F5}.Debug|Any CPU.Build.0 = Debug|Any CPU
		{85D14DBB-2444-4EFC-9FAC-ABB801DDD0F5}.Release|Any CPU.ActiveCfg = Release|Any CPU
		{85D14DBB-2444-4EFC-9FAC-ABB801DDD0F5}.Release|Any CPU.Build.0 = Release|Any CPU
		{0E964B95-9BD1-487F-826C-0E26BB20B3D2}.Debug|Any CPU.ActiveCfg = Debug|Any CPU
		{0E964B95-9BD1-487F-826C-0E26BB20B3D2}.Debug|Any CPU.Build.0 = Debug|Any CPU
		{0E964B95-9BD1-487F-826C-0E26BB20B3D2}.Release|Any CPU.ActiveCfg = Release|Any CPU
		{0E964B95-9BD1-487F-826C-0E26BB20B3D2}.Release|Any CPU.Build.0 = Release|Any CPU
		{89ECEE77-EB25-4BD7-B9F4-8F8A9DE2BA96}.Debug|Any CPU.ActiveCfg = Debug|Any CPU
		{89ECEE77-EB25-4BD7-B9F4-8F8A9DE2BA96}.Debug|Any CPU.Build.0 = Debug|Any CPU
		{89ECEE77-EB25-4BD7-B9F4-8F8A9DE2BA96}.Release|Any CPU.ActiveCfg = Release|Any CPU
		{89ECEE77-EB25-4BD7-B9F4-8F8A9DE2BA96}.Release|Any CPU.Build.0 = Release|Any CPU
		{2CCE28C9-D662-4C9B-BE8D-09000545D883}.Debug|Any CPU.ActiveCfg = Debug|Any CPU
		{2CCE28C9-D662-4C9B-BE8D-09000545D883}.Debug|Any CPU.Build.0 = Debug|Any CPU
		{2CCE28C9-D662-4C9B-BE8D-09000545D883}.Release|Any CPU.ActiveCfg = Release|Any CPU
		{2CCE28C9-D662-4C9B-BE8D-09000545D883}.Release|Any CPU.Build.0 = Release|Any CPU
		{92F6B9ED-3334-4CD8-BBFD-C8B18F49FA24}.Debug|Any CPU.ActiveCfg = Debug|Any CPU
		{92F6B9ED-3334-4CD8-BBFD-C8B18F49FA24}.Debug|Any CPU.Build.0 = Debug|Any CPU
		{92F6B9ED-3334-4CD8-BBFD-C8B18F49FA24}.Release|Any CPU.ActiveCfg = Release|Any CPU
		{92F6B9ED-3334-4CD8-BBFD-C8B18F49FA24}.Release|Any CPU.Build.0 = Release|Any CPU
		{7C65BF13-7B93-43F3-8F9F-E0B23FA2DA8B}.Debug|Any CPU.ActiveCfg = Debug|Any CPU
		{7C65BF13-7B93-43F3-8F9F-E0B23FA2DA8B}.Debug|Any CPU.Build.0 = Debug|Any CPU
		{7C65BF13-7B93-43F3-8F9F-E0B23FA2DA8B}.Release|Any CPU.ActiveCfg = Release|Any CPU
		{7C65BF13-7B93-43F3-8F9F-E0B23FA2DA8B}.Release|Any CPU.Build.0 = Release|Any CPU
	EndGlobalSection
	GlobalSection(SolutionProperties) = preSolution
		HideSolutionNode = FALSE
	EndGlobalSection
	GlobalSection(ExtensibilityGlobals) = postSolution
		SolutionGuid = {B478BFE1-87A1-498B-91D8-D5A66E3981B6}
	EndGlobalSection
EndGlobal
