
Microsoft Visual Studio Solution File, Format Version 12.00
# Visual Studio Version 16
VisualStudioVersion = 16.0.28527.54
MinimumVisualStudioVersion = 10.0.40219.1
Project("{FAE04EC0-301F-11D3-BF4B-00C04F79EFBC}") = "Snake", "Snake\Snake.csproj", "{7723D5D4-47FD-4B1E-899B-552906C66433}"
EndProject
Global
	GlobalSection(SolutionConfigurationPlatforms) = preSolution
		Debug|Any CPU = Debug|Any CPU
		Release|Any CPU = Release|Any CPU
	EndGlobalSection
	GlobalSection(ProjectConfigurationPlatforms) = postSolution
		{7723D5D4-47FD-4B1E-899B-552906C66433}.Debug|Any CPU.ActiveCfg = Debug|Any CPU
		{7723D5D4-47FD-4B1E-899B-552906C66433}.Debug|Any CPU.Build.0 = Debug|Any CPU
		{7723D5D4-47FD-4B1E-899B-552906C66433}.Release|Any CPU.ActiveCfg = Release|Any CPU
		{7723D5D4-47FD-4B1E-899B-552906C66433}.Release|Any CPU.Build.0 = Release|Any CPU
	EndGlobalSection
	GlobalSection(SolutionProperties) = preSolution
		HideSolutionNode = FALSE
	EndGlobalSection
	GlobalSection(ExtensibilityGlobals) = postSolution
		SolutionGuid = {25362C74-DF68-490B-8110-45C3FC678194}
	EndGlobalSection
EndGlobal
