
Microsoft Visual Studio Solution File, Format Version 12.00
# Visual Studio Version 16
VisualStudioVersion = 16.0.28527.54
MinimumVisualStudioVersion = 10.0.40219.1
Project("{FAE04EC0-301F-11D3-BF4B-00C04F79EFBC}") = "WindowsFormsAppSample", "WindowsFormsAppSample\WindowsFormsAppSample.csproj", "{70065EF6-CC7A-40AB-A5F5-C9732E56EABD}"
EndProject
Project("{FAE04EC0-301F-11D3-BF4B-00C04F79EFBC}") = "WindowsFormsAppSample2", "WindowsFormsAppSample2\WindowsFormsAppSample2.csproj", "{7EFC95BF-95B5-42A5-8BA1-9E655D9A5EFC}"
EndProject
Project("{FAE04EC0-301F-11D3-BF4B-00C04F79EFBC}") = "DelegateSample", "DelegateSample\DelegateSample.csproj", "{1C95CFA3-161C-4FE8-83A0-4F9518B4205C}"
EndProject
Project("{FAE04EC0-301F-11D3-BF4B-00C04F79EFBC}") = "Calc1", "Calc1\Calc1.csproj", "{03ABB630-96C7-4BFC-A61C-28A0D0D75637}"
EndProject
Project("{FAE04EC0-301F-11D3-BF4B-00C04F79EFBC}") = "ConsoleCalc", "ConsoleCalc\ConsoleCalc.csproj", "{1991880D-7098-4DB4-A957-24D577B70310}"
EndProject
Global
	GlobalSection(SolutionConfigurationPlatforms) = preSolution
		Debug|Any CPU = Debug|Any CPU
		Release|Any CPU = Release|Any CPU
	EndGlobalSection
	GlobalSection(ProjectConfigurationPlatforms) = postSolution
		{70065EF6-CC7A-40AB-A5F5-C9732E56EABD}.Debug|Any CPU.ActiveCfg = Debug|Any CPU
		{70065EF6-CC7A-40AB-A5F5-C9732E56EABD}.Debug|Any CPU.Build.0 = Debug|Any CPU
		{70065EF6-CC7A-40AB-A5F5-C9732E56EABD}.Release|Any CPU.ActiveCfg = Release|Any CPU
		{70065EF6-CC7A-40AB-A5F5-C9732E56EABD}.Release|Any CPU.Build.0 = Release|Any CPU
		{7EFC95BF-95B5-42A5-8BA1-9E655D9A5EFC}.Debug|Any CPU.ActiveCfg = Debug|Any CPU
		{7EFC95BF-95B5-42A5-8BA1-9E655D9A5EFC}.Debug|Any CPU.Build.0 = Debug|Any CPU
		{7EFC95BF-95B5-42A5-8BA1-9E655D9A5EFC}.Release|Any CPU.ActiveCfg = Release|Any CPU
		{7EFC95BF-95B5-42A5-8BA1-9E655D9A5EFC}.Release|Any CPU.Build.0 = Release|Any CPU
		{1C95CFA3-161C-4FE8-83A0-4F9518B4205C}.Debug|Any CPU.ActiveCfg = Debug|Any CPU
		{1C95CFA3-161C-4FE8-83A0-4F9518B4205C}.Debug|Any CPU.Build.0 = Debug|Any CPU
		{1C95CFA3-161C-4FE8-83A0-4F9518B4205C}.Release|Any CPU.ActiveCfg = Release|Any CPU
		{1C95CFA3-161C-4FE8-83A0-4F9518B4205C}.Release|Any CPU.Build.0 = Release|Any CPU
		{03ABB630-96C7-4BFC-A61C-28A0D0D75637}.Debug|Any CPU.ActiveCfg = Debug|Any CPU
		{03ABB630-96C7-4BFC-A61C-28A0D0D75637}.Debug|Any CPU.Build.0 = Debug|Any CPU
		{03ABB630-96C7-4BFC-A61C-28A0D0D75637}.Release|Any CPU.ActiveCfg = Release|Any CPU
		{03ABB630-96C7-4BFC-A61C-28A0D0D75637}.Release|Any CPU.Build.0 = Release|Any CPU
		{1991880D-7098-4DB4-A957-24D577B70310}.Debug|Any CPU.ActiveCfg = Debug|Any CPU
		{1991880D-7098-4DB4-A957-24D577B70310}.Debug|Any CPU.Build.0 = Debug|Any CPU
		{1991880D-7098-4DB4-A957-24D577B70310}.Release|Any CPU.ActiveCfg = Release|Any CPU
		{1991880D-7098-4DB4-A957-24D577B70310}.Release|Any CPU.Build.0 = Release|Any CPU
	EndGlobalSection
	GlobalSection(SolutionProperties) = preSolution
		HideSolutionNode = FALSE
	EndGlobalSection
	GlobalSection(ExtensibilityGlobals) = postSolution
		SolutionGuid = {52FCE301-C986-4B45-B15A-D2842BC7D8D4}
	EndGlobalSection
EndGlobal
