
Microsoft Visual Studio Solution File, Format Version 12.00
# Visual Studio Version 16
VisualStudioVersion = 16.0.28527.54
MinimumVisualStudioVersion = 10.0.40219.1
Project("{FAE04EC0-301F-11D3-BF4B-00C04F79EFBC}") = "FarManager", "FarManager\FarManager.csproj", "{85A37779-5E6A-44B5-8A12-0E565DD62262}"
EndProject
Global
	GlobalSection(SolutionConfigurationPlatforms) = preSolution
		Debug|Any CPU = Debug|Any CPU
		Release|Any CPU = Release|Any CPU
	EndGlobalSection
	GlobalSection(ProjectConfigurationPlatforms) = postSolution
		{85A37779-5E6A-44B5-8A12-0E565DD62262}.Debug|Any CPU.ActiveCfg = Debug|Any CPU
		{85A37779-5E6A-44B5-8A12-0E565DD62262}.Debug|Any CPU.Build.0 = Debug|Any CPU
		{85A37779-5E6A-44B5-8A12-0E565DD62262}.Release|Any CPU.ActiveCfg = Release|Any CPU
		{85A37779-5E6A-44B5-8A12-0E565DD62262}.Release|Any CPU.Build.0 = Release|Any CPU
	EndGlobalSection
	GlobalSection(SolutionProperties) = preSolution
		HideSolutionNode = FALSE
	EndGlobalSection
	GlobalSection(ExtensibilityGlobals) = postSolution
		SolutionGuid = {4228E850-E67E-413E-A355-CD116FE1F3E3}
	EndGlobalSection
EndGlobal
