
Microsoft Visual Studio Solution File, Format Version 12.00
# Visual Studio Version 16
VisualStudioVersion = 16.0.28527.54
MinimumVisualStudioVersion = 10.0.40219.1
Project("{FAE04EC0-301F-11D3-BF4B-00C04F79EFBC}") = "ThreadSample", "ThreadSample\ThreadSample.csproj", "{484D4618-CA41-4C1A-9E9D-9C78E27E3E25}"
EndProject
Project("{FAE04EC0-301F-11D3-BF4B-00C04F79EFBC}") = "TaskSample", "TaskSample\TaskSample.csproj", "{912ED6C9-5B92-4DAA-A495-FC40AE954CB7}"
EndProject
Project("{FAE04EC0-301F-11D3-BF4B-00C04F79EFBC}") = "TimerSample", "TimerSample\TimerSample.csproj", "{2102E631-1BB1-4084-9349-1F18755A937F}"
EndProject
Project("{FAE04EC0-301F-11D3-BF4B-00C04F79EFBC}") = "Snake", "Snake\Snake.csproj", "{7665D4C0-D3C5-4457-975F-5A389ED22E09}"
EndProject
Project("{FAE04EC0-301F-11D3-BF4B-00C04F79EFBC}") = "ThreadForConsoleInput", "ThreadForConsoleInput\ThreadForConsoleInput.csproj", "{9F9CEF99-0784-4B3C-9D93-F6D0A3E2FD0F}"
EndProject
Global
	GlobalSection(SolutionConfigurationPlatforms) = preSolution
		Debug|Any CPU = Debug|Any CPU
		Release|Any CPU = Release|Any CPU
	EndGlobalSection
	GlobalSection(ProjectConfigurationPlatforms) = postSolution
		{484D4618-CA41-4C1A-9E9D-9C78E27E3E25}.Debug|Any CPU.ActiveCfg = Debug|Any CPU
		{484D4618-CA41-4C1A-9E9D-9C78E27E3E25}.Debug|Any CPU.Build.0 = Debug|Any CPU
		{484D4618-CA41-4C1A-9E9D-9C78E27E3E25}.Release|Any CPU.ActiveCfg = Release|Any CPU
		{484D4618-CA41-4C1A-9E9D-9C78E27E3E25}.Release|Any CPU.Build.0 = Release|Any CPU
		{912ED6C9-5B92-4DAA-A495-FC40AE954CB7}.Debug|Any CPU.ActiveCfg = Debug|Any CPU
		{912ED6C9-5B92-4DAA-A495-FC40AE954CB7}.Debug|Any CPU.Build.0 = Debug|Any CPU
		{912ED6C9-5B92-4DAA-A495-FC40AE954CB7}.Release|Any CPU.ActiveCfg = Release|Any CPU
		{912ED6C9-5B92-4DAA-A495-FC40AE954CB7}.Release|Any CPU.Build.0 = Release|Any CPU
		{2102E631-1BB1-4084-9349-1F18755A937F}.Debug|Any CPU.ActiveCfg = Debug|Any CPU
		{2102E631-1BB1-4084-9349-1F18755A937F}.Debug|Any CPU.Build.0 = Debug|Any CPU
		{2102E631-1BB1-4084-9349-1F18755A937F}.Release|Any CPU.ActiveCfg = Release|Any CPU
		{2102E631-1BB1-4084-9349-1F18755A937F}.Release|Any CPU.Build.0 = Release|Any CPU
		{7665D4C0-D3C5-4457-975F-5A389ED22E09}.Debug|Any CPU.ActiveCfg = Debug|Any CPU
		{7665D4C0-D3C5-4457-975F-5A389ED22E09}.Debug|Any CPU.Build.0 = Debug|Any CPU
		{7665D4C0-D3C5-4457-975F-5A389ED22E09}.Release|Any CPU.ActiveCfg = Release|Any CPU
		{7665D4C0-D3C5-4457-975F-5A389ED22E09}.Release|Any CPU.Build.0 = Release|Any CPU
		{9F9CEF99-0784-4B3C-9D93-F6D0A3E2FD0F}.Debug|Any CPU.ActiveCfg = Debug|Any CPU
		{9F9CEF99-0784-4B3C-9D93-F6D0A3E2FD0F}.Debug|Any CPU.Build.0 = Debug|Any CPU
		{9F9CEF99-0784-4B3C-9D93-F6D0A3E2FD0F}.Release|Any CPU.ActiveCfg = Release|Any CPU
		{9F9CEF99-0784-4B3C-9D93-F6D0A3E2FD0F}.Release|Any CPU.Build.0 = Release|Any CPU
	EndGlobalSection
	GlobalSection(SolutionProperties) = preSolution
		HideSolutionNode = FALSE
	EndGlobalSection
	GlobalSection(ExtensibilityGlobals) = postSolution
		SolutionGuid = {EA8A8181-5B7B-4E13-8826-8B0559FEFAF8}
	EndGlobalSection
EndGlobal
